
Microsoft Visual Studio Solution File, Format Version 12.00
# Visual Studio 15
VisualStudioVersion = 15.0.28307.1062
MinimumVisualStudioVersion = 10.0.40219.1
Project("{FAE04EC0-301F-11D3-BF4B-00C04F79EFBC}") = "Sales.Android", "Sales\Sales.Android\Sales.Android.csproj", "{7938303C-1291-4A67-BFAD-201BB35B9606}"
EndProject
Project("{FAE04EC0-301F-11D3-BF4B-00C04F79EFBC}") = "Sales.iOS", "Sales\Sales.iOS\Sales.iOS.csproj", "{8608D0D4-744F-4460-A18D-261993D769A7}"
EndProject
Project("{FAE04EC0-301F-11D3-BF4B-00C04F79EFBC}") = "Sales", "Sales\Sales\Sales.csproj", "{7884A691-FDB5-469E-B8FE-86064F3F92B0}"
EndProject
Project("{FAE04EC0-301F-11D3-BF4B-00C04F79EFBC}") = "Sales.Backend", "Sales.Backend\Sales.Backend.csproj", "{8ACC3081-255F-490B-99FB-A916BDED9EF0}"
EndProject
Project("{FAE04EC0-301F-11D3-BF4B-00C04F79EFBC}") = "Sales.API", "Sales.API\Sales.API.csproj", "{93CB951C-B079-4781-AE95-1A3C9D16D5BD}"
EndProject
Project("{FAE04EC0-301F-11D3-BF4B-00C04F79EFBC}") = "Sales.Domain", "Sales.Domain\Sales.Domain.csproj", "{EAC3F1D4-2CB9-4F5B-BCC3-9946AE24D4D1}"
EndProject
Project("{FAE04EC0-301F-11D3-BF4B-00C04F79EFBC}") = "Sales.Common", "Sales.Common\Sales.Common.csproj", "{9F55F959-604E-4C9E-ACCF-953188F9CA1A}"
EndProject
Global
	GlobalSection(SolutionConfigurationPlatforms) = preSolution
		Ad-Hoc|Any CPU = Ad-Hoc|Any CPU
		Ad-Hoc|iPhone = Ad-Hoc|iPhone
		Ad-Hoc|iPhoneSimulator = Ad-Hoc|iPhoneSimulator
		AppStore|Any CPU = AppStore|Any CPU
		AppStore|iPhone = AppStore|iPhone
		AppStore|iPhoneSimulator = AppStore|iPhoneSimulator
		Debug|Any CPU = Debug|Any CPU
		Debug|iPhone = Debug|iPhone
		Debug|iPhoneSimulator = Debug|iPhoneSimulator
		Release|Any CPU = Release|Any CPU
		Release|iPhone = Release|iPhone
		Release|iPhoneSimulator = Release|iPhoneSimulator
	EndGlobalSection
	GlobalSection(ProjectConfigurationPlatforms) = postSolution
		{7938303C-1291-4A67-BFAD-201BB35B9606}.Ad-Hoc|Any CPU.ActiveCfg = Release|Any CPU
		{7938303C-1291-4A67-BFAD-201BB35B9606}.Ad-Hoc|Any CPU.Build.0 = Release|Any CPU
		{7938303C-1291-4A67-BFAD-201BB35B9606}.Ad-Hoc|Any CPU.Deploy.0 = Release|Any CPU
		{7938303C-1291-4A67-BFAD-201BB35B9606}.Ad-Hoc|iPhone.ActiveCfg = Release|Any CPU
		{7938303C-1291-4A67-BFAD-201BB35B9606}.Ad-Hoc|iPhone.Build.0 = Release|Any CPU
		{7938303C-1291-4A67-BFAD-201BB35B9606}.Ad-Hoc|iPhone.Deploy.0 = Release|Any CPU
		{7938303C-1291-4A67-BFAD-201BB35B9606}.Ad-Hoc|iPhoneSimulator.ActiveCfg = Release|Any CPU
		{7938303C-1291-4A67-BFAD-201BB35B9606}.Ad-Hoc|iPhoneSimulator.Build.0 = Release|Any CPU
		{7938303C-1291-4A67-BFAD-201BB35B9606}.Ad-Hoc|iPhoneSimulator.Deploy.0 = Release|Any CPU
		{7938303C-1291-4A67-BFAD-201BB35B9606}.AppStore|Any CPU.ActiveCfg = Release|Any CPU
		{7938303C-1291-4A67-BFAD-201BB35B9606}.AppStore|Any CPU.Build.0 = Release|Any CPU
		{7938303C-1291-4A67-BFAD-201BB35B9606}.AppStore|Any CPU.Deploy.0 = Release|Any CPU
		{7938303C-1291-4A67-BFAD-201BB35B9606}.AppStore|iPhone.ActiveCfg = Release|Any CPU
		{7938303C-1291-4A67-BFAD-201BB35B9606}.AppStore|iPhone.Build.0 = Release|Any CPU
		{7938303C-1291-4A67-BFAD-201BB35B9606}.AppStore|iPhone.Deploy.0 = Release|Any CPU
		{7938303C-1291-4A67-BFAD-201BB35B9606}.AppStore|iPhoneSimulator.ActiveCfg = Release|Any CPU
		{7938303C-1291-4A67-BFAD-201BB35B9606}.AppStore|iPhoneSimulator.Build.0 = Release|Any CPU
		{7938303C-1291-4A67-BFAD-201BB35B9606}.AppStore|iPhoneSimulator.Deploy.0 = Release|Any CPU
		{7938303C-1291-4A67-BFAD-201BB35B9606}.Debug|Any CPU.ActiveCfg = Debug|Any CPU
		{7938303C-1291-4A67-BFAD-201BB35B9606}.Debug|Any CPU.Build.0 = Debug|Any CPU
		{7938303C-1291-4A67-BFAD-201BB35B9606}.Debug|Any CPU.Deploy.0 = Debug|Any CPU
		{7938303C-1291-4A67-BFAD-201BB35B9606}.Debug|iPhone.ActiveCfg = Debug|Any CPU
		{7938303C-1291-4A67-BFAD-201BB35B9606}.Debug|iPhone.Build.0 = Debug|Any CPU
		{7938303C-1291-4A67-BFAD-201BB35B9606}.Debug|iPhone.Deploy.0 = Debug|Any CPU
		{7938303C-1291-4A67-BFAD-201BB35B9606}.Debug|iPhoneSimulator.ActiveCfg = Debug|Any CPU
		{7938303C-1291-4A67-BFAD-201BB35B9606}.Debug|iPhoneSimulator.Build.0 = Debug|Any CPU
		{7938303C-1291-4A67-BFAD-201BB35B9606}.Debug|iPhoneSimulator.Deploy.0 = Debug|Any CPU
		{7938303C-1291-4A67-BFAD-201BB35B9606}.Release|Any CPU.ActiveCfg = Release|Any CPU
		{7938303C-1291-4A67-BFAD-201BB35B9606}.Release|Any CPU.Build.0 = Release|Any CPU
		{7938303C-1291-4A67-BFAD-201BB35B9606}.Release|Any CPU.Deploy.0 = Release|Any CPU
		{7938303C-1291-4A67-BFAD-201BB35B9606}.Release|iPhone.ActiveCfg = Release|Any CPU
		{7938303C-1291-4A67-BFAD-201BB35B9606}.Release|iPhone.Build.0 = Release|Any CPU
		{7938303C-1291-4A67-BFAD-201BB35B9606}.Release|iPhone.Deploy.0 = Release|Any CPU
		{7938303C-1291-4A67-BFAD-201BB35B9606}.Release|iPhoneSimulator.ActiveCfg = Release|Any CPU
		{7938303C-1291-4A67-BFAD-201BB35B9606}.Release|iPhoneSimulator.Build.0 = Release|Any CPU
		{7938303C-1291-4A67-BFAD-201BB35B9606}.Release|iPhoneSimulator.Deploy.0 = Release|Any CPU
		{8608D0D4-744F-4460-A18D-261993D769A7}.Ad-Hoc|Any CPU.ActiveCfg = Ad-Hoc|iPhone
		{8608D0D4-744F-4460-A18D-261993D769A7}.Ad-Hoc|Any CPU.Build.0 = Ad-Hoc|iPhone
		{8608D0D4-744F-4460-A18D-261993D769A7}.Ad-Hoc|Any CPU.Deploy.0 = Ad-Hoc|iPhone
		{8608D0D4-744F-4460-A18D-261993D769A7}.Ad-Hoc|iPhone.ActiveCfg = Ad-Hoc|iPhone
		{8608D0D4-744F-4460-A18D-261993D769A7}.Ad-Hoc|iPhone.Build.0 = Ad-Hoc|iPhone
		{8608D0D4-744F-4460-A18D-261993D769A7}.Ad-Hoc|iPhone.Deploy.0 = Ad-Hoc|iPhone
		{8608D0D4-744F-4460-A18D-261993D769A7}.Ad-Hoc|iPhoneSimulator.ActiveCfg = Ad-Hoc|iPhoneSimulator
		{8608D0D4-744F-4460-A18D-261993D769A7}.Ad-Hoc|iPhoneSimulator.Build.0 = Ad-Hoc|iPhoneSimulator
		{8608D0D4-744F-4460-A18D-261993D769A7}.Ad-Hoc|iPhoneSimulator.Deploy.0 = Ad-Hoc|iPhoneSimulator
		{8608D0D4-744F-4460-A18D-261993D769A7}.AppStore|Any CPU.ActiveCfg = AppStore|iPhone
		{8608D0D4-744F-4460-A18D-261993D769A7}.AppStore|Any CPU.Build.0 = AppStore|iPhone
		{8608D0D4-744F-4460-A18D-261993D769A7}.AppStore|Any CPU.Deploy.0 = AppStore|iPhone
		{8608D0D4-744F-4460-A18D-261993D769A7}.AppStore|iPhone.ActiveCfg = AppStore|iPhone
		{8608D0D4-744F-4460-A18D-261993D769A7}.AppStore|iPhone.Build.0 = AppStore|iPhone
		{8608D0D4-744F-4460-A18D-261993D769A7}.AppStore|iPhone.Deploy.0 = AppStore|iPhone
		{8608D0D4-744F-4460-A18D-261993D769A7}.AppStore|iPhoneSimulator.ActiveCfg = AppStore|iPhoneSimulator
		{8608D0D4-744F-4460-A18D-261993D769A7}.AppStore|iPhoneSimulator.Build.0 = AppStore|iPhoneSimulator
		{8608D0D4-744F-4460-A18D-261993D769A7}.AppStore|iPhoneSimulator.Deploy.0 = AppStore|iPhoneSimulator
		{8608D0D4-744F-4460-A18D-261993D769A7}.Debug|Any CPU.ActiveCfg = Debug|iPhoneSimulator
		{8608D0D4-744F-4460-A18D-261993D769A7}.Debug|Any CPU.Build.0 = Debug|iPhoneSimulator
		{8608D0D4-744F-4460-A18D-261993D769A7}.Debug|Any CPU.Deploy.0 = Debug|iPhoneSimulator
		{8608D0D4-744F-4460-A18D-261993D769A7}.Debug|iPhone.ActiveCfg = Debug|iPhone
		{8608D0D4-744F-4460-A18D-261993D769A7}.Debug|iPhone.Build.0 = Debug|iPhone
		{8608D0D4-744F-4460-A18D-261993D769A7}.Debug|iPhone.Deploy.0 = Debug|iPhone
		{8608D0D4-744F-4460-A18D-261993D769A7}.Debug|iPhoneSimulator.ActiveCfg = Debug|iPhoneSimulator
		{8608D0D4-744F-4460-A18D-261993D769A7}.Debug|iPhoneSimulator.Build.0 = Debug|iPhoneSimulator
		{8608D0D4-744F-4460-A18D-261993D769A7}.Debug|iPhoneSimulator.Deploy.0 = Debug|iPhoneSimulator
		{8608D0D4-744F-4460-A18D-261993D769A7}.Release|Any CPU.ActiveCfg = Release|iPhone
		{8608D0D4-744F-4460-A18D-261993D769A7}.Release|Any CPU.Build.0 = Release|iPhone
		{8608D0D4-744F-4460-A18D-261993D769A7}.Release|Any CPU.Deploy.0 = Release|iPhone
		{8608D0D4-744F-4460-A18D-261993D769A7}.Release|iPhone.ActiveCfg = Release|iPhone
		{8608D0D4-744F-4460-A18D-261993D769A7}.Release|iPhone.Build.0 = Release|iPhone
		{8608D0D4-744F-4460-A18D-261993D769A7}.Release|iPhone.Deploy.0 = Release|iPhone
		{8608D0D4-744F-4460-A18D-261993D769A7}.Release|iPhoneSimulator.ActiveCfg = Release|iPhoneSimulator
		{8608D0D4-744F-4460-A18D-261993D769A7}.Release|iPhoneSimulator.Build.0 = Release|iPhoneSimulator
		{8608D0D4-744F-4460-A18D-261993D769A7}.Release|iPhoneSimulator.Deploy.0 = Release|iPhoneSimulator
		{7884A691-FDB5-469E-B8FE-86064F3F92B0}.Ad-Hoc|Any CPU.ActiveCfg = Debug|Any CPU
		{7884A691-FDB5-469E-B8FE-86064F3F92B0}.Ad-Hoc|Any CPU.Build.0 = Debug|Any CPU
		{7884A691-FDB5-469E-B8FE-86064F3F92B0}.Ad-Hoc|Any CPU.Deploy.0 = Debug|Any CPU
		{7884A691-FDB5-469E-B8FE-86064F3F92B0}.Ad-Hoc|iPhone.ActiveCfg = Debug|Any CPU
		{7884A691-FDB5-469E-B8FE-86064F3F92B0}.Ad-Hoc|iPhone.Build.0 = Debug|Any CPU
		{7884A691-FDB5-469E-B8FE-86064F3F92B0}.Ad-Hoc|iPhone.Deploy.0 = Debug|Any CPU
		{7884A691-FDB5-469E-B8FE-86064F3F92B0}.Ad-Hoc|iPhoneSimulator.ActiveCfg = Debug|Any CPU
		{7884A691-FDB5-469E-B8FE-86064F3F92B0}.Ad-Hoc|iPhoneSimulator.Build.0 = Debug|Any CPU
		{7884A691-FDB5-469E-B8FE-86064F3F92B0}.Ad-Hoc|iPhoneSimulator.Deploy.0 = Debug|Any CPU
		{7884A691-FDB5-469E-B8FE-86064F3F92B0}.AppStore|Any CPU.ActiveCfg = Debug|Any CPU
		{7884A691-FDB5-469E-B8FE-86064F3F92B0}.AppStore|Any CPU.Build.0 = Debug|Any CPU
		{7884A691-FDB5-469E-B8FE-86064F3F92B0}.AppStore|Any CPU.Deploy.0 = Debug|Any CPU
		{7884A691-FDB5-469E-B8FE-86064F3F92B0}.AppStore|iPhone.ActiveCfg = Debug|Any CPU
		{7884A691-FDB5-469E-B8FE-86064F3F92B0}.AppStore|iPhone.Build.0 = Debug|Any CPU
		{7884A691-FDB5-469E-B8FE-86064F3F92B0}.AppStore|iPhone.Deploy.0 = Debug|Any CPU
		{7884A691-FDB5-469E-B8FE-86064F3F92B0}.AppStore|iPhoneSimulator.ActiveCfg = Debug|Any CPU
		{7884A691-FDB5-469E-B8FE-86064F3F92B0}.AppStore|iPhoneSimulator.Build.0 = Debug|Any CPU
		{7884A691-FDB5-469E-B8FE-86064F3F92B0}.AppStore|iPhoneSimulator.Deploy.0 = Debug|Any CPU
		{7884A691-FDB5-469E-B8FE-86064F3F92B0}.Debug|Any CPU.ActiveCfg = Debug|Any CPU
		{7884A691-FDB5-469E-B8FE-86064F3F92B0}.Debug|Any CPU.Build.0 = Debug|Any CPU
		{7884A691-FDB5-469E-B8FE-86064F3F92B0}.Debug|Any CPU.Deploy.0 = Debug|Any CPU
		{7884A691-FDB5-469E-B8FE-86064F3F92B0}.Debug|iPhone.ActiveCfg = Debug|Any CPU
		{7884A691-FDB5-469E-B8FE-86064F3F92B0}.Debug|iPhone.Build.0 = Debug|Any CPU
		{7884A691-FDB5-469E-B8FE-86064F3F92B0}.Debug|iPhone.Deploy.0 = Debug|Any CPU
		{7884A691-FDB5-469E-B8FE-86064F3F92B0}.Debug|iPhoneSimulator.ActiveCfg = Debug|Any CPU
		{7884A691-FDB5-469E-B8FE-86064F3F92B0}.Debug|iPhoneSimulator.Build.0 = Debug|Any CPU
		{7884A691-FDB5-469E-B8FE-86064F3F92B0}.Debug|iPhoneSimulator.Deploy.0 = Debug|Any CPU
		{7884A691-FDB5-469E-B8FE-86064F3F92B0}.Release|Any CPU.ActiveCfg = Release|Any CPU
		{7884A691-FDB5-469E-B8FE-86064F3F92B0}.Release|Any CPU.Build.0 = Release|Any CPU
		{7884A691-FDB5-469E-B8FE-86064F3F92B0}.Release|Any CPU.Deploy.0 = Release|Any CPU
		{7884A691-FDB5-469E-B8FE-86064F3F92B0}.Release|iPhone.ActiveCfg = Release|Any CPU
		{7884A691-FDB5-469E-B8FE-86064F3F92B0}.Release|iPhone.Build.0 = Release|Any CPU
		{7884A691-FDB5-469E-B8FE-86064F3F92B0}.Release|iPhone.Deploy.0 = Release|Any CPU
		{7884A691-FDB5-469E-B8FE-86064F3F92B0}.Release|iPhoneSimulator.ActiveCfg = Release|Any CPU
		{7884A691-FDB5-469E-B8FE-86064F3F92B0}.Release|iPhoneSimulator.Build.0 = Release|Any CPU
		{7884A691-FDB5-469E-B8FE-86064F3F92B0}.Release|iPhoneSimulator.Deploy.0 = Release|Any CPU
		{8ACC3081-255F-490B-99FB-A916BDED9EF0}.Ad-Hoc|Any CPU.ActiveCfg = Release|Any CPU
		{8ACC3081-255F-490B-99FB-A916BDED9EF0}.Ad-Hoc|Any CPU.Build.0 = Release|Any CPU
		{8ACC3081-255F-490B-99FB-A916BDED9EF0}.Ad-Hoc|iPhone.ActiveCfg = Release|Any CPU
		{8ACC3081-255F-490B-99FB-A916BDED9EF0}.Ad-Hoc|iPhone.Build.0 = Release|Any CPU
		{8ACC3081-255F-490B-99FB-A916BDED9EF0}.Ad-Hoc|iPhoneSimulator.ActiveCfg = Release|Any CPU
		{8ACC3081-255F-490B-99FB-A916BDED9EF0}.Ad-Hoc|iPhoneSimulator.Build.0 = Release|Any CPU
		{8ACC3081-255F-490B-99FB-A916BDED9EF0}.AppStore|Any CPU.ActiveCfg = Release|Any CPU
		{8ACC3081-255F-490B-99FB-A916BDED9EF0}.AppStore|Any CPU.Build.0 = Release|Any CPU
		{8ACC3081-255F-490B-99FB-A916BDED9EF0}.AppStore|iPhone.ActiveCfg = Release|Any CPU
		{8ACC3081-255F-490B-99FB-A916BDED9EF0}.AppStore|iPhone.Build.0 = Release|Any CPU
		{8ACC3081-255F-490B-99FB-A916BDED9EF0}.AppStore|iPhoneSimulator.ActiveCfg = Release|Any CPU
		{8ACC3081-255F-490B-99FB-A916BDED9EF0}.AppStore|iPhoneSimulator.Build.0 = Release|Any CPU
		{8ACC3081-255F-490B-99FB-A916BDED9EF0}.Debug|Any CPU.ActiveCfg = Debug|Any CPU
		{8ACC3081-255F-490B-99FB-A916BDED9EF0}.Debug|Any CPU.Build.0 = Debug|Any CPU
		{8ACC3081-255F-490B-99FB-A916BDED9EF0}.Debug|iPhone.ActiveCfg = Debug|Any CPU
		{8ACC3081-255F-490B-99FB-A916BDED9EF0}.Debug|iPhone.Build.0 = Debug|Any CPU
		{8ACC3081-255F-490B-99FB-A916BDED9EF0}.Debug|iPhoneSimulator.ActiveCfg = Debug|Any CPU
		{8ACC3081-255F-490B-99FB-A916BDED9EF0}.Debug|iPhoneSimulator.Build.0 = Debug|Any CPU
		{8ACC3081-255F-490B-99FB-A916BDED9EF0}.Release|Any CPU.ActiveCfg = Release|Any CPU
		{8ACC3081-255F-490B-99FB-A916BDED9EF0}.Release|Any CPU.Build.0 = Release|Any CPU
		{8ACC3081-255F-490B-99FB-A916BDED9EF0}.Release|iPhone.ActiveCfg = Release|Any CPU
		{8ACC3081-255F-490B-99FB-A916BDED9EF0}.Release|iPhone.Build.0 = Release|Any CPU
		{8ACC3081-255F-490B-99FB-A916BDED9EF0}.Release|iPhoneSimulator.ActiveCfg = Release|Any CPU
		{8ACC3081-255F-490B-99FB-A916BDED9EF0}.Release|iPhoneSimulator.Build.0 = Release|Any CPU
		{93CB951C-B079-4781-AE95-1A3C9D16D5BD}.Ad-Hoc|Any CPU.ActiveCfg = Release|Any CPU
		{93CB951C-B079-4781-AE95-1A3C9D16D5BD}.Ad-Hoc|Any CPU.Build.0 = Release|Any CPU
		{93CB951C-B079-4781-AE95-1A3C9D16D5BD}.Ad-Hoc|iPhone.ActiveCfg = Release|Any CPU
		{93CB951C-B079-4781-AE95-1A3C9D16D5BD}.Ad-Hoc|iPhone.Build.0 = Release|Any CPU
		{93CB951C-B079-4781-AE95-1A3C9D16D5BD}.Ad-Hoc|iPhoneSimulator.ActiveCfg = Release|Any CPU
		{93CB951C-B079-4781-AE95-1A3C9D16D5BD}.Ad-Hoc|iPhoneSimulator.Build.0 = Release|Any CPU
		{93CB951C-B079-4781-AE95-1A3C9D16D5BD}.AppStore|Any CPU.ActiveCfg = Release|Any CPU
		{93CB951C-B079-4781-AE95-1A3C9D16D5BD}.AppStore|Any CPU.Build.0 = Release|Any CPU
		{93CB951C-B079-4781-AE95-1A3C9D16D5BD}.AppStore|iPhone.ActiveCfg = Release|Any CPU
		{93CB951C-B079-4781-AE95-1A3C9D16D5BD}.AppStore|iPhone.Build.0 = Release|Any CPU
		{93CB951C-B079-4781-AE95-1A3C9D16D5BD}.AppStore|iPhoneSimulator.ActiveCfg = Release|Any CPU
		{93CB951C-B079-4781-AE95-1A3C9D16D5BD}.AppStore|iPhoneSimulator.Build.0 = Release|Any CPU
		{93CB951C-B079-4781-AE95-1A3C9D16D5BD}.Debug|Any CPU.ActiveCfg = Debug|Any CPU
		{93CB951C-B079-4781-AE95-1A3C9D16D5BD}.Debug|Any CPU.Build.0 = Debug|Any CPU
		{93CB951C-B079-4781-AE95-1A3C9D16D5BD}.Debug|iPhone.ActiveCfg = Debug|Any CPU
		{93CB951C-B079-4781-AE95-1A3C9D16D5BD}.Debug|iPhone.Build.0 = Debug|Any CPU
		{93CB951C-B079-4781-AE95-1A3C9D16D5BD}.Debug|iPhoneSimulator.ActiveCfg = Debug|Any CPU
		{93CB951C-B079-4781-AE95-1A3C9D16D5BD}.Debug|iPhoneSimulator.Build.0 = Debug|Any CPU
		{93CB951C-B079-4781-AE95-1A3C9D16D5BD}.Release|Any CPU.ActiveCfg = Release|Any CPU
		{93CB951C-B079-4781-AE95-1A3C9D16D5BD}.Release|Any CPU.Build.0 = Release|Any CPU
		{93CB951C-B079-4781-AE95-1A3C9D16D5BD}.Release|iPhone.ActiveCfg = Release|Any CPU
		{93CB951C-B079-4781-AE95-1A3C9D16D5BD}.Release|iPhone.Build.0 = Release|Any CPU
		{93CB951C-B079-4781-AE95-1A3C9D16D5BD}.Release|iPhoneSimulator.ActiveCfg = Release|Any CPU
		{93CB951C-B079-4781-AE95-1A3C9D16D5BD}.Release|iPhoneSimulator.Build.0 = Release|Any CPU
		{EAC3F1D4-2CB9-4F5B-BCC3-9946AE24D4D1}.Ad-Hoc|Any CPU.ActiveCfg = Release|Any CPU
		{EAC3F1D4-2CB9-4F5B-BCC3-9946AE24D4D1}.Ad-Hoc|Any CPU.Build.0 = Release|Any CPU
		{EAC3F1D4-2CB9-4F5B-BCC3-9946AE24D4D1}.Ad-Hoc|iPhone.ActiveCfg = Release|Any CPU
		{EAC3F1D4-2CB9-4F5B-BCC3-9946AE24D4D1}.Ad-Hoc|iPhone.Build.0 = Release|Any CPU
		{EAC3F1D4-2CB9-4F5B-BCC3-9946AE24D4D1}.Ad-Hoc|iPhoneSimulator.ActiveCfg = Release|Any CPU
		{EAC3F1D4-2CB9-4F5B-BCC3-9946AE24D4D1}.Ad-Hoc|iPhoneSimulator.Build.0 = Release|Any CPU
		{EAC3F1D4-2CB9-4F5B-BCC3-9946AE24D4D1}.AppStore|Any CPU.ActiveCfg = Release|Any CPU
		{EAC3F1D4-2CB9-4F5B-BCC3-9946AE24D4D1}.AppStore|Any CPU.Build.0 = Release|Any CPU
		{EAC3F1D4-2CB9-4F5B-BCC3-9946AE24D4D1}.AppStore|iPhone.ActiveCfg = Release|Any CPU
		{EAC3F1D4-2CB9-4F5B-BCC3-9946AE24D4D1}.AppStore|iPhone.Build.0 = Release|Any CPU
		{EAC3F1D4-2CB9-4F5B-BCC3-9946AE24D4D1}.AppStore|iPhoneSimulator.ActiveCfg = Release|Any CPU
		{EAC3F1D4-2CB9-4F5B-BCC3-9946AE24D4D1}.AppStore|iPhoneSimulator.Build.0 = Release|Any CPU
		{EAC3F1D4-2CB9-4F5B-BCC3-9946AE24D4D1}.Debug|Any CPU.ActiveCfg = Debug|Any CPU
		{EAC3F1D4-2CB9-4F5B-BCC3-9946AE24D4D1}.Debug|Any CPU.Build.0 = Debug|Any CPU
		{EAC3F1D4-2CB9-4F5B-BCC3-9946AE24D4D1}.Debug|iPhone.ActiveCfg = Debug|Any CPU
		{EAC3F1D4-2CB9-4F5B-BCC3-9946AE24D4D1}.Debug|iPhone.Build.0 = Debug|Any CPU
		{EAC3F1D4-2CB9-4F5B-BCC3-9946AE24D4D1}.Debug|iPhoneSimulator.ActiveCfg = Debug|Any CPU
		{EAC3F1D4-2CB9-4F5B-BCC3-9946AE24D4D1}.Debug|iPhoneSimulator.Build.0 = Debug|Any CPU
		{EAC3F1D4-2CB9-4F5B-BCC3-9946AE24D4D1}.Release|Any CPU.ActiveCfg = Release|Any CPU
		{EAC3F1D4-2CB9-4F5B-BCC3-9946AE24D4D1}.Release|Any CPU.Build.0 = Release|Any CPU
		{EAC3F1D4-2CB9-4F5B-BCC3-9946AE24D4D1}.Release|iPhone.ActiveCfg = Release|Any CPU
		{EAC3F1D4-2CB9-4F5B-BCC3-9946AE24D4D1}.Release|iPhone.Build.0 = Release|Any CPU
		{EAC3F1D4-2CB9-4F5B-BCC3-9946AE24D4D1}.Release|iPhoneSimulator.ActiveCfg = Release|Any CPU
		{EAC3F1D4-2CB9-4F5B-BCC3-9946AE24D4D1}.Release|iPhoneSimulator.Build.0 = Release|Any CPU
		{9F55F959-604E-4C9E-ACCF-953188F9CA1A}.Ad-Hoc|Any CPU.ActiveCfg = Release|Any CPU
		{9F55F959-604E-4C9E-ACCF-953188F9CA1A}.Ad-Hoc|Any CPU.Build.0 = Release|Any CPU
		{9F55F959-604E-4C9E-ACCF-953188F9CA1A}.Ad-Hoc|iPhone.ActiveCfg = Release|Any CPU
		{9F55F959-604E-4C9E-ACCF-953188F9CA1A}.Ad-Hoc|iPhone.Build.0 = Release|Any CPU
		{9F55F959-604E-4C9E-ACCF-953188F9CA1A}.Ad-Hoc|iPhoneSimulator.ActiveCfg = Release|Any CPU
		{9F55F959-604E-4C9E-ACCF-953188F9CA1A}.Ad-Hoc|iPhoneSimulator.Build.0 = Release|Any CPU
		{9F55F959-604E-4C9E-ACCF-953188F9CA1A}.AppStore|Any CPU.ActiveCfg = Release|Any CPU
		{9F55F959-604E-4C9E-ACCF-953188F9CA1A}.AppStore|Any CPU.Build.0 = Release|Any CPU
		{9F55F959-604E-4C9E-ACCF-953188F9CA1A}.AppStore|iPhone.ActiveCfg = Release|Any CPU
		{9F55F959-604E-4C9E-ACCF-953188F9CA1A}.AppStore|iPhone.Build.0 = Release|Any CPU
		{9F55F959-604E-4C9E-ACCF-953188F9CA1A}.AppStore|iPhoneSimulator.ActiveCfg = Release|Any CPU
		{9F55F959-604E-4C9E-ACCF-953188F9CA1A}.AppStore|iPhoneSimulator.Build.0 = Release|Any CPU
		{9F55F959-604E-4C9E-ACCF-953188F9CA1A}.Debug|Any CPU.ActiveCfg = Debug|Any CPU
		{9F55F959-604E-4C9E-ACCF-953188F9CA1A}.Debug|Any CPU.Build.0 = Debug|Any CPU
		{9F55F959-604E-4C9E-ACCF-953188F9CA1A}.Debug|iPhone.ActiveCfg = Debug|Any CPU
		{9F55F959-604E-4C9E-ACCF-953188F9CA1A}.Debug|iPhone.Build.0 = Debug|Any CPU
		{9F55F959-604E-4C9E-ACCF-953188F9CA1A}.Debug|iPhoneSimulator.ActiveCfg = Debug|Any CPU
		{9F55F959-604E-4C9E-ACCF-953188F9CA1A}.Debug|iPhoneSimulator.Build.0 = Debug|Any CPU
		{9F55F959-604E-4C9E-ACCF-953188F9CA1A}.Release|Any CPU.ActiveCfg = Release|Any CPU
		{9F55F959-604E-4C9E-ACCF-953188F9CA1A}.Release|Any CPU.Build.0 = Release|Any CPU
		{9F55F959-604E-4C9E-ACCF-953188F9CA1A}.Release|iPhone.ActiveCfg = Release|Any CPU
		{9F55F959-604E-4C9E-ACCF-953188F9CA1A}.Release|iPhone.Build.0 = Release|Any CPU
		{9F55F959-604E-4C9E-ACCF-953188F9CA1A}.Release|iPhoneSimulator.ActiveCfg = Release|Any CPU
		{9F55F959-604E-4C9E-ACCF-953188F9CA1A}.Release|iPhoneSimulator.Build.0 = Release|Any CPU
	EndGlobalSection
	GlobalSection(SolutionProperties) = preSolution
		HideSolutionNode = FALSE
	EndGlobalSection
	GlobalSection(ExtensibilityGlobals) = postSolution
		SolutionGuid = {297BACB1-89F7-4BF3-A30C-C2CDCFE720DE}
	EndGlobalSection
EndGlobal
